
Microsoft Visual Studio Solution File, Format Version 12.00
# Visual Studio 14
VisualStudioVersion = 14.0.24720.0
MinimumVisualStudioVersion = 10.0.40219.1
Project("{FAE04EC0-301F-11D3-BF4B-00C04F79EFBC}") = "Aula8_WebAPI_Categoria", "Aula8_WebAPI_Categoria\Aula8_WebAPI_Categoria.csproj", "{D0CA3A47-B629-43F9-BC8E-2E5B2AD98F15}"
EndProject
Project("{FAE04EC0-301F-11D3-BF4B-00C04F79EFBC}") = "Repositorio", "Repositorio\Repositorio.csproj", "{18C8238C-1C6D-4D9B-A7A2-6621DF634861}"
EndProject
Global
	GlobalSection(SolutionConfigurationPlatforms) = preSolution
		Debug|Any CPU = Debug|Any CPU
		Release|Any CPU = Release|Any CPU
	EndGlobalSection
	GlobalSection(ProjectConfigurationPlatforms) = postSolution
		{D0CA3A47-B629-43F9-BC8E-2E5B2AD98F15}.Debug|Any CPU.ActiveCfg = Debug|Any CPU
		{D0CA3A47-B629-43F9-BC8E-2E5B2AD98F15}.Debug|Any CPU.Build.0 = Debug|Any CPU
		{D0CA3A47-B629-43F9-BC8E-2E5B2AD98F15}.Release|Any CPU.ActiveCfg = Release|Any CPU
		{D0CA3A47-B629-43F9-BC8E-2E5B2AD98F15}.Release|Any CPU.Build.0 = Release|Any CPU
		{18C8238C-1C6D-4D9B-A7A2-6621DF634861}.Debug|Any CPU.ActiveCfg = Debug|Any CPU
		{18C8238C-1C6D-4D9B-A7A2-6621DF634861}.Debug|Any CPU.Build.0 = Debug|Any CPU
		{18C8238C-1C6D-4D9B-A7A2-6621DF634861}.Release|Any CPU.ActiveCfg = Release|Any CPU
		{18C8238C-1C6D-4D9B-A7A2-6621DF634861}.Release|Any CPU.Build.0 = Release|Any CPU
	EndGlobalSection
	GlobalSection(SolutionProperties) = preSolution
		HideSolutionNode = FALSE
	EndGlobalSection
EndGlobal
